
Microsoft Visual Studio Solution File, Format Version 12.00
# Visual Studio Version 16
VisualStudioVersion = 16.0.31424.327
MinimumVisualStudioVersion = 10.0.40219.1
Project("{2150E333-8FDC-42A3-9474-1A3956D46DE8}") = "Classes and Objects", "Classes and Objects", "{AEAFEA5B-B26D-4728-9229-5E9ECF6EE655}"
EndProject
Project("{9A19103F-16F7-4668-BE54-9A1E7A4F7556}") = "AccessingTheClassMembers", "AccessingTheClassMembers\AccessingTheClassMembers.csproj", "{762392DB-7CA4-4784-9919-AB68BDA3B031}"
EndProject
Project("{2150E333-8FDC-42A3-9474-1A3956D46DE8}") = "Access Modifiers", "Access Modifiers", "{82476F26-3330-4766-88AC-B946ED442DA0}"
EndProject
Project("{9A19103F-16F7-4668-BE54-9A1E7A4F7556}") = "AccessModifiers", "AccessModifiers\AccessModifiers.csproj", "{5340109F-E5C3-4DD9-959E-29543D787D85}"
EndProject
Project("{2150E333-8FDC-42A3-9474-1A3956D46DE8}") = "Fields", "Fields", "{ADF8E5EB-563F-4DB5-A22C-5ED9074282D2}"
EndProject
Project("{9A19103F-16F7-4668-BE54-9A1E7A4F7556}") = "Fields", "Fields\Fields.csproj", "{88C512F7-CB55-4572-8BD9-977FA2B92105}"
EndProject
Project("{2150E333-8FDC-42A3-9474-1A3956D46DE8}") = "Methods", "Methods", "{4CC23E13-9DCC-49FC-9624-3B416D1AF227}"
EndProject
Project("{9A19103F-16F7-4668-BE54-9A1E7A4F7556}") = "Methods", "Methods\Methods.csproj", "{C144D966-141F-4055-89FB-3152B307EE29}"
EndProject
Project("{2150E333-8FDC-42A3-9474-1A3956D46DE8}") = "Static and Non-Static Methods", "Static and Non-Static Methods", "{BC4EFDF5-1D95-4BF3-B9B6-7A05F5787A27}"
EndProject
Project("{9A19103F-16F7-4668-BE54-9A1E7A4F7556}") = "StaticNonStaticMethods", "StaticNonStaticMethods\StaticNonStaticMethods.csproj", "{57B92FD6-6D98-4CC6-99F8-36A663A5136F}"
EndProject
Project("{2150E333-8FDC-42A3-9474-1A3956D46DE8}") = "this Reference Variable", "this Reference Variable", "{E50D9F93-D08C-4253-B4AD-0B7705757A6F}"
EndProject
Project("{9A19103F-16F7-4668-BE54-9A1E7A4F7556}") = "ThisReferenceVariable", "ThisReferenceVariable\ThisReferenceVariable.csproj", "{24D52C61-138F-4EBE-964E-9255EF833D1C}"
EndProject
Project("{2150E333-8FDC-42A3-9474-1A3956D46DE8}") = "Getters, Setters and Properties", "Getters, Setters and Properties", "{96863E8A-6C9C-4109-9683-2A344D1C0DF0}"
EndProject
Project("{9A19103F-16F7-4668-BE54-9A1E7A4F7556}") = "GettersSettersAndProperties", "GettersSettersAndProperties\GettersSettersAndProperties.csproj", "{36C3C5E4-BFE4-4F2E-BC9C-64E6730C3E74}"
EndProject
Project("{2150E333-8FDC-42A3-9474-1A3956D46DE8}") = "Constructors", "Constructors", "{4EC6B516-B911-4F82-91E6-A3F50D0CC84C}"
EndProject
Project("{9A19103F-16F7-4668-BE54-9A1E7A4F7556}") = "Constructors", "Constructors\Constructors.csproj", "{E83C6512-026F-4AE2-8811-EAB3E0872E63}"
EndProject
Project("{2150E333-8FDC-42A3-9474-1A3956D46DE8}") = "Calling a Constructor from Another Constructor", "Calling a Constructor from Another Constructor", "{84C1495A-E0AA-484D-BE75-0F98A02684DB}"
EndProject
Project("{9A19103F-16F7-4668-BE54-9A1E7A4F7556}") = "CallingAConstructorFromAnotherConstructor", "CallingAConstructorFromAnotherConstructor\CallingAConstructorFromAnotherConstructor.csproj", "{E6FA8CF9-AD1C-4B1B-B0D3-D87466243C47}"
EndProject
Project("{2150E333-8FDC-42A3-9474-1A3956D46DE8}") = "Challenge 1 Square Numbers and Return their Sum", "Challenge 1 Square Numbers and Return their Sum", "{F28ABB8A-33EC-4E0F-8AB4-CD03130E106B}"
EndProject
Project("{9A19103F-16F7-4668-BE54-9A1E7A4F7556}") = "SquareNumbersAndReturnTheirSum", "SquareNumbersAndReturnTheirSum\SquareNumbersAndReturnTheirSum.csproj", "{4EAE18D5-B7A9-43DD-A5EC-5B4222D4F97E}"
EndProject
Project("{2150E333-8FDC-42A3-9474-1A3956D46DE8}") = "Challenges", "Challenges", "{64A1F63B-24C8-41E5-AD2B-B7FF4A1ECBE9}"
EndProject
Project("{2150E333-8FDC-42A3-9474-1A3956D46DE8}") = "Challenge 2 Calling a Constructor from a Constructor", "Challenge 2 Calling a Constructor from a Constructor", "{57D94B2F-3497-416B-BDFE-F18EE7F2EE7F}"
EndProject
Project("{9A19103F-16F7-4668-BE54-9A1E7A4F7556}") = "CallingAConstructorFromAConstructor", "CallingAConstructorFromAConstructor\CallingAConstructorFromAConstructor.csproj", "{A96FB558-5DD5-485E-9347-04AA8DD9993F}"
EndProject
Project("{2150E333-8FDC-42A3-9474-1A3956D46DE8}") = "Challenge 3 Analyzing the Performance of Students", "Challenge 3 Analyzing the Performance of Students", "{56A54A46-48DC-4F3A-BFBA-6914ACCBE6DF}"
EndProject
Project("{FAE04EC0-301F-11D3-BF4B-00C04F79EFBC}") = "AnalyzingThePerformanceOfStudents", "AnalyzingThePerformanceOfStudents\AnalyzingThePerformanceOfStudents.csproj", "{46831665-C2E5-4E4E-A0AD-4EC0C20F330B}"
EndProject
Project("{2150E333-8FDC-42A3-9474-1A3956D46DE8}") = "Challenge 4 Implement a Calculator Class", "Challenge 4 Implement a Calculator Class", "{0E2D91EA-D57D-443E-9CFE-80D3D277393A}"
EndProject
Project("{FAE04EC0-301F-11D3-BF4B-00C04F79EFBC}") = "Calculator", "Calculator\Calculator.csproj", "{0953D411-D3A7-45E2-8953-927B54AAEE62}"
EndProject
Project("{2150E333-8FDC-42A3-9474-1A3956D46DE8}") = "Data hiding", "Data hiding", "{B9A1DF17-7EE8-464A-B06D-F82810C44954}"
EndProject
Project("{FAE04EC0-301F-11D3-BF4B-00C04F79EFBC}") = "Encapsulation", "Encapsulation\Encapsulation.csproj", "{D7581AAA-61E5-4A00-BBBD-A7CFB597FDDF}"
EndProject
Project("{2150E333-8FDC-42A3-9474-1A3956D46DE8}") = "Accessing the Class Members", "Accessing the Class Members", "{04FB55FE-3F37-47E0-A562-4649B4068ACC}"
EndProject
Project("{2150E333-8FDC-42A3-9474-1A3956D46DE8}") = "Challenges", "Challenges", "{FE813AF6-918F-4BA0-9E9D-9C878E64F1C0}"
EndProject
Project("{2150E333-8FDC-42A3-9474-1A3956D46DE8}") = "Challenge 1 Implement the Rectangle Class", "Challenge 1 Implement the Rectangle Class", "{30B83BF5-E2E8-4D85-AAB9-361A0FFD1D4F}"
EndProject
Project("{2150E333-8FDC-42A3-9474-1A3956D46DE8}") = "Encapsulation", "Encapsulation", "{4430120E-FA6B-4C8C-958D-45D74C033F7A}"
EndProject
Project("{FAE04EC0-301F-11D3-BF4B-00C04F79EFBC}") = "Rectangle", "Rectangle\Rectangle.csproj", "{50545302-5457-44F0-BFEB-E759F6B77522}"
EndProject
Project("{2150E333-8FDC-42A3-9474-1A3956D46DE8}") = "Challenge 2 Implement the Complete Student Class", "Challenge 2 Implement the Complete Student Class", "{DC404E18-4C31-45F8-9C6A-5263DC748300}"
EndProject
Project("{FAE04EC0-301F-11D3-BF4B-00C04F79EFBC}") = "Student", "Student\Student.csproj", "{D357F693-A1B3-4519-B263-DAD14A2D5EBE}"
EndProject
Global
	GlobalSection(SolutionConfigurationPlatforms) = preSolution
		Debug|Any CPU = Debug|Any CPU
		Release|Any CPU = Release|Any CPU
	EndGlobalSection
	GlobalSection(ProjectConfigurationPlatforms) = postSolution
		{762392DB-7CA4-4784-9919-AB68BDA3B031}.Debug|Any CPU.ActiveCfg = Debug|Any CPU
		{762392DB-7CA4-4784-9919-AB68BDA3B031}.Debug|Any CPU.Build.0 = Debug|Any CPU
		{762392DB-7CA4-4784-9919-AB68BDA3B031}.Release|Any CPU.ActiveCfg = Release|Any CPU
		{762392DB-7CA4-4784-9919-AB68BDA3B031}.Release|Any CPU.Build.0 = Release|Any CPU
		{5340109F-E5C3-4DD9-959E-29543D787D85}.Debug|Any CPU.ActiveCfg = Debug|Any CPU
		{5340109F-E5C3-4DD9-959E-29543D787D85}.Debug|Any CPU.Build.0 = Debug|Any CPU
		{5340109F-E5C3-4DD9-959E-29543D787D85}.Release|Any CPU.ActiveCfg = Release|Any CPU
		{5340109F-E5C3-4DD9-959E-29543D787D85}.Release|Any CPU.Build.0 = Release|Any CPU
		{88C512F7-CB55-4572-8BD9-977FA2B92105}.Debug|Any CPU.ActiveCfg = Debug|Any CPU
		{88C512F7-CB55-4572-8BD9-977FA2B92105}.Debug|Any CPU.Build.0 = Debug|Any CPU
		{88C512F7-CB55-4572-8BD9-977FA2B92105}.Release|Any CPU.ActiveCfg = Release|Any CPU
		{88C512F7-CB55-4572-8BD9-977FA2B92105}.Release|Any CPU.Build.0 = Release|Any CPU
		{C144D966-141F-4055-89FB-3152B307EE29}.Debug|Any CPU.ActiveCfg = Debug|Any CPU
		{C144D966-141F-4055-89FB-3152B307EE29}.Debug|Any CPU.Build.0 = Debug|Any CPU
		{C144D966-141F-4055-89FB-3152B307EE29}.Release|Any CPU.ActiveCfg = Release|Any CPU
		{C144D966-141F-4055-89FB-3152B307EE29}.Release|Any CPU.Build.0 = Release|Any CPU
		{57B92FD6-6D98-4CC6-99F8-36A663A5136F}.Debug|Any CPU.ActiveCfg = Debug|Any CPU
		{57B92FD6-6D98-4CC6-99F8-36A663A5136F}.Debug|Any CPU.Build.0 = Debug|Any CPU
		{57B92FD6-6D98-4CC6-99F8-36A663A5136F}.Release|Any CPU.ActiveCfg = Release|Any CPU
		{57B92FD6-6D98-4CC6-99F8-36A663A5136F}.Release|Any CPU.Build.0 = Release|Any CPU
		{24D52C61-138F-4EBE-964E-9255EF833D1C}.Debug|Any CPU.ActiveCfg = Debug|Any CPU
		{24D52C61-138F-4EBE-964E-9255EF833D1C}.Debug|Any CPU.Build.0 = Debug|Any CPU
		{24D52C61-138F-4EBE-964E-9255EF833D1C}.Release|Any CPU.ActiveCfg = Release|Any CPU
		{24D52C61-138F-4EBE-964E-9255EF833D1C}.Release|Any CPU.Build.0 = Release|Any CPU
		{36C3C5E4-BFE4-4F2E-BC9C-64E6730C3E74}.Debug|Any CPU.ActiveCfg = Debug|Any CPU
		{36C3C5E4-BFE4-4F2E-BC9C-64E6730C3E74}.Debug|Any CPU.Build.0 = Debug|Any CPU
		{36C3C5E4-BFE4-4F2E-BC9C-64E6730C3E74}.Release|Any CPU.ActiveCfg = Release|Any CPU
		{36C3C5E4-BFE4-4F2E-BC9C-64E6730C3E74}.Release|Any CPU.Build.0 = Release|Any CPU
		{E83C6512-026F-4AE2-8811-EAB3E0872E63}.Debug|Any CPU.ActiveCfg = Debug|Any CPU
		{E83C6512-026F-4AE2-8811-EAB3E0872E63}.Debug|Any CPU.Build.0 = Debug|Any CPU
		{E83C6512-026F-4AE2-8811-EAB3E0872E63}.Release|Any CPU.ActiveCfg = Release|Any CPU
		{E83C6512-026F-4AE2-8811-EAB3E0872E63}.Release|Any CPU.Build.0 = Release|Any CPU
		{E6FA8CF9-AD1C-4B1B-B0D3-D87466243C47}.Debug|Any CPU.ActiveCfg = Debug|Any CPU
		{E6FA8CF9-AD1C-4B1B-B0D3-D87466243C47}.Debug|Any CPU.Build.0 = Debug|Any CPU
		{E6FA8CF9-AD1C-4B1B-B0D3-D87466243C47}.Release|Any CPU.ActiveCfg = Release|Any CPU
		{E6FA8CF9-AD1C-4B1B-B0D3-D87466243C47}.Release|Any CPU.Build.0 = Release|Any CPU
		{4EAE18D5-B7A9-43DD-A5EC-5B4222D4F97E}.Debug|Any CPU.ActiveCfg = Debug|Any CPU
		{4EAE18D5-B7A9-43DD-A5EC-5B4222D4F97E}.Debug|Any CPU.Build.0 = Debug|Any CPU
		{4EAE18D5-B7A9-43DD-A5EC-5B4222D4F97E}.Release|Any CPU.ActiveCfg = Release|Any CPU
		{4EAE18D5-B7A9-43DD-A5EC-5B4222D4F97E}.Release|Any CPU.Build.0 = Release|Any CPU
		{A96FB558-5DD5-485E-9347-04AA8DD9993F}.Debug|Any CPU.ActiveCfg = Debug|Any CPU
		{A96FB558-5DD5-485E-9347-04AA8DD9993F}.Debug|Any CPU.Build.0 = Debug|Any CPU
		{A96FB558-5DD5-485E-9347-04AA8DD9993F}.Release|Any CPU.ActiveCfg = Release|Any CPU
		{A96FB558-5DD5-485E-9347-04AA8DD9993F}.Release|Any CPU.Build.0 = Release|Any CPU
		{46831665-C2E5-4E4E-A0AD-4EC0C20F330B}.Debug|Any CPU.ActiveCfg = Debug|Any CPU
		{46831665-C2E5-4E4E-A0AD-4EC0C20F330B}.Debug|Any CPU.Build.0 = Debug|Any CPU
		{46831665-C2E5-4E4E-A0AD-4EC0C20F330B}.Release|Any CPU.ActiveCfg = Release|Any CPU
		{46831665-C2E5-4E4E-A0AD-4EC0C20F330B}.Release|Any CPU.Build.0 = Release|Any CPU
		{0953D411-D3A7-45E2-8953-927B54AAEE62}.Debug|Any CPU.ActiveCfg = Debug|Any CPU
		{0953D411-D3A7-45E2-8953-927B54AAEE62}.Debug|Any CPU.Build.0 = Debug|Any CPU
		{0953D411-D3A7-45E2-8953-927B54AAEE62}.Release|Any CPU.ActiveCfg = Release|Any CPU
		{0953D411-D3A7-45E2-8953-927B54AAEE62}.Release|Any CPU.Build.0 = Release|Any CPU
		{D7581AAA-61E5-4A00-BBBD-A7CFB597FDDF}.Debug|Any CPU.ActiveCfg = Debug|Any CPU
		{D7581AAA-61E5-4A00-BBBD-A7CFB597FDDF}.Debug|Any CPU.Build.0 = Debug|Any CPU
		{D7581AAA-61E5-4A00-BBBD-A7CFB597FDDF}.Release|Any CPU.ActiveCfg = Release|Any CPU
		{D7581AAA-61E5-4A00-BBBD-A7CFB597FDDF}.Release|Any CPU.Build.0 = Release|Any CPU
		{50545302-5457-44F0-BFEB-E759F6B77522}.Debug|Any CPU.ActiveCfg = Debug|Any CPU
		{50545302-5457-44F0-BFEB-E759F6B77522}.Debug|Any CPU.Build.0 = Debug|Any CPU
		{50545302-5457-44F0-BFEB-E759F6B77522}.Release|Any CPU.ActiveCfg = Release|Any CPU
		{50545302-5457-44F0-BFEB-E759F6B77522}.Release|Any CPU.Build.0 = Release|Any CPU
		{D357F693-A1B3-4519-B263-DAD14A2D5EBE}.Debug|Any CPU.ActiveCfg = Debug|Any CPU
		{D357F693-A1B3-4519-B263-DAD14A2D5EBE}.Debug|Any CPU.Build.0 = Debug|Any CPU
		{D357F693-A1B3-4519-B263-DAD14A2D5EBE}.Release|Any CPU.ActiveCfg = Release|Any CPU
		{D357F693-A1B3-4519-B263-DAD14A2D5EBE}.Release|Any CPU.Build.0 = Release|Any CPU
	EndGlobalSection
	GlobalSection(SolutionProperties) = preSolution
		HideSolutionNode = FALSE
	EndGlobalSection
	GlobalSection(NestedProjects) = preSolution
		{762392DB-7CA4-4784-9919-AB68BDA3B031} = {04FB55FE-3F37-47E0-A562-4649B4068ACC}
		{82476F26-3330-4766-88AC-B946ED442DA0} = {AEAFEA5B-B26D-4728-9229-5E9ECF6EE655}
		{5340109F-E5C3-4DD9-959E-29543D787D85} = {82476F26-3330-4766-88AC-B946ED442DA0}
		{ADF8E5EB-563F-4DB5-A22C-5ED9074282D2} = {AEAFEA5B-B26D-4728-9229-5E9ECF6EE655}
		{88C512F7-CB55-4572-8BD9-977FA2B92105} = {ADF8E5EB-563F-4DB5-A22C-5ED9074282D2}
		{4CC23E13-9DCC-49FC-9624-3B416D1AF227} = {AEAFEA5B-B26D-4728-9229-5E9ECF6EE655}
		{C144D966-141F-4055-89FB-3152B307EE29} = {4CC23E13-9DCC-49FC-9624-3B416D1AF227}
		{BC4EFDF5-1D95-4BF3-B9B6-7A05F5787A27} = {AEAFEA5B-B26D-4728-9229-5E9ECF6EE655}
		{57B92FD6-6D98-4CC6-99F8-36A663A5136F} = {BC4EFDF5-1D95-4BF3-B9B6-7A05F5787A27}
		{E50D9F93-D08C-4253-B4AD-0B7705757A6F} = {AEAFEA5B-B26D-4728-9229-5E9ECF6EE655}
		{24D52C61-138F-4EBE-964E-9255EF833D1C} = {E50D9F93-D08C-4253-B4AD-0B7705757A6F}
		{96863E8A-6C9C-4109-9683-2A344D1C0DF0} = {AEAFEA5B-B26D-4728-9229-5E9ECF6EE655}
		{36C3C5E4-BFE4-4F2E-BC9C-64E6730C3E74} = {96863E8A-6C9C-4109-9683-2A344D1C0DF0}
		{4EC6B516-B911-4F82-91E6-A3F50D0CC84C} = {AEAFEA5B-B26D-4728-9229-5E9ECF6EE655}
		{E83C6512-026F-4AE2-8811-EAB3E0872E63} = {4EC6B516-B911-4F82-91E6-A3F50D0CC84C}
		{84C1495A-E0AA-484D-BE75-0F98A02684DB} = {AEAFEA5B-B26D-4728-9229-5E9ECF6EE655}
		{E6FA8CF9-AD1C-4B1B-B0D3-D87466243C47} = {84C1495A-E0AA-484D-BE75-0F98A02684DB}
		{F28ABB8A-33EC-4E0F-8AB4-CD03130E106B} = {64A1F63B-24C8-41E5-AD2B-B7FF4A1ECBE9}
		{4EAE18D5-B7A9-43DD-A5EC-5B4222D4F97E} = {F28ABB8A-33EC-4E0F-8AB4-CD03130E106B}
		{64A1F63B-24C8-41E5-AD2B-B7FF4A1ECBE9} = {AEAFEA5B-B26D-4728-9229-5E9ECF6EE655}
		{57D94B2F-3497-416B-BDFE-F18EE7F2EE7F} = {64A1F63B-24C8-41E5-AD2B-B7FF4A1ECBE9}
		{A96FB558-5DD5-485E-9347-04AA8DD9993F} = {57D94B2F-3497-416B-BDFE-F18EE7F2EE7F}
		{56A54A46-48DC-4F3A-BFBA-6914ACCBE6DF} = {64A1F63B-24C8-41E5-AD2B-B7FF4A1ECBE9}
		{46831665-C2E5-4E4E-A0AD-4EC0C20F330B} = {56A54A46-48DC-4F3A-BFBA-6914ACCBE6DF}
		{0E2D91EA-D57D-443E-9CFE-80D3D277393A} = {64A1F63B-24C8-41E5-AD2B-B7FF4A1ECBE9}
		{0953D411-D3A7-45E2-8953-927B54AAEE62} = {0E2D91EA-D57D-443E-9CFE-80D3D277393A}
		{D7581AAA-61E5-4A00-BBBD-A7CFB597FDDF} = {4430120E-FA6B-4C8C-958D-45D74C033F7A}
		{04FB55FE-3F37-47E0-A562-4649B4068ACC} = {AEAFEA5B-B26D-4728-9229-5E9ECF6EE655}
		{FE813AF6-918F-4BA0-9E9D-9C878E64F1C0} = {B9A1DF17-7EE8-464A-B06D-F82810C44954}
		{30B83BF5-E2E8-4D85-AAB9-361A0FFD1D4F} = {FE813AF6-918F-4BA0-9E9D-9C878E64F1C0}
		{4430120E-FA6B-4C8C-958D-45D74C033F7A} = {B9A1DF17-7EE8-464A-B06D-F82810C44954}
		{50545302-5457-44F0-BFEB-E759F6B77522} = {30B83BF5-E2E8-4D85-AAB9-361A0FFD1D4F}
		{DC404E18-4C31-45F8-9C6A-5263DC748300} = {FE813AF6-918F-4BA0-9E9D-9C878E64F1C0}
		{D357F693-A1B3-4519-B263-DAD14A2D5EBE} = {DC404E18-4C31-45F8-9C6A-5263DC748300}
	EndGlobalSection
	GlobalSection(ExtensibilityGlobals) = postSolution
		SolutionGuid = {C38620BA-DB0B-47DC-85DD-BF2BE4217978}
	EndGlobalSection
EndGlobal
