
Microsoft Visual Studio Solution File, Format Version 12.00
# Visual Studio Version 16
VisualStudioVersion = 16.0.31424.327
MinimumVisualStudioVersion = 10.0.40219.1
Project("{2150E333-8FDC-42A3-9474-1A3956D46DE8}") = "Classes and Objects", "Classes and Objects", "{AEAFEA5B-B26D-4728-9229-5E9ECF6EE655}"
EndProject
Project("{9A19103F-16F7-4668-BE54-9A1E7A4F7556}") = "AccessingTheClassMembers", "AccessingTheClassMembers\AccessingTheClassMembers.csproj", "{762392DB-7CA4-4784-9919-AB68BDA3B031}"
EndProject
Project("{2150E333-8FDC-42A3-9474-1A3956D46DE8}") = "Access Modifiers", "Access Modifiers", "{82476F26-3330-4766-88AC-B946ED442DA0}"
EndProject
Project("{9A19103F-16F7-4668-BE54-9A1E7A4F7556}") = "AccessModifiers", "AccessModifiers\AccessModifiers.csproj", "{5340109F-E5C3-4DD9-959E-29543D787D85}"
EndProject
Project("{2150E333-8FDC-42A3-9474-1A3956D46DE8}") = "Fields", "Fields", "{ADF8E5EB-563F-4DB5-A22C-5ED9074282D2}"
EndProject
Project("{9A19103F-16F7-4668-BE54-9A1E7A4F7556}") = "Fields", "Fields\Fields.csproj", "{88C512F7-CB55-4572-8BD9-977FA2B92105}"
EndProject
Project("{2150E333-8FDC-42A3-9474-1A3956D46DE8}") = "Methods", "Methods", "{4CC23E13-9DCC-49FC-9624-3B416D1AF227}"
EndProject
Project("{9A19103F-16F7-4668-BE54-9A1E7A4F7556}") = "Methods", "Methods\Methods.csproj", "{C144D966-141F-4055-89FB-3152B307EE29}"
EndProject
Project("{2150E333-8FDC-42A3-9474-1A3956D46DE8}") = "Static and Non-Static Methods", "Static and Non-Static Methods", "{BC4EFDF5-1D95-4BF3-B9B6-7A05F5787A27}"
EndProject
Project("{9A19103F-16F7-4668-BE54-9A1E7A4F7556}") = "StaticNonStaticMethods", "StaticNonStaticMethods\StaticNonStaticMethods.csproj", "{57B92FD6-6D98-4CC6-99F8-36A663A5136F}"
EndProject
Project("{2150E333-8FDC-42A3-9474-1A3956D46DE8}") = "this Reference Variable", "this Reference Variable", "{E50D9F93-D08C-4253-B4AD-0B7705757A6F}"
EndProject
Project("{9A19103F-16F7-4668-BE54-9A1E7A4F7556}") = "ThisReferenceVariable", "ThisReferenceVariable\ThisReferenceVariable.csproj", "{24D52C61-138F-4EBE-964E-9255EF833D1C}"
EndProject
Project("{2150E333-8FDC-42A3-9474-1A3956D46DE8}") = "Getters, Setters and Properties", "Getters, Setters and Properties", "{96863E8A-6C9C-4109-9683-2A344D1C0DF0}"
EndProject
Project("{9A19103F-16F7-4668-BE54-9A1E7A4F7556}") = "GettersSettersAndProperties", "GettersSettersAndProperties\GettersSettersAndProperties.csproj", "{36C3C5E4-BFE4-4F2E-BC9C-64E6730C3E74}"
EndProject
Project("{2150E333-8FDC-42A3-9474-1A3956D46DE8}") = "Constructors", "Constructors", "{4EC6B516-B911-4F82-91E6-A3F50D0CC84C}"
EndProject
Project("{9A19103F-16F7-4668-BE54-9A1E7A4F7556}") = "Constructors", "Constructors\Constructors.csproj", "{E83C6512-026F-4AE2-8811-EAB3E0872E63}"
EndProject
Project("{2150E333-8FDC-42A3-9474-1A3956D46DE8}") = "Calling a Constructor from Another Constructor", "Calling a Constructor from Another Constructor", "{84C1495A-E0AA-484D-BE75-0F98A02684DB}"
EndProject
Project("{9A19103F-16F7-4668-BE54-9A1E7A4F7556}") = "CallingAConstructorFromAnotherConstructor", "CallingAConstructorFromAnotherConstructor\CallingAConstructorFromAnotherConstructor.csproj", "{E6FA8CF9-AD1C-4B1B-B0D3-D87466243C47}"
EndProject
Project("{2150E333-8FDC-42A3-9474-1A3956D46DE8}") = "Challenge 1 Square Numbers and Return their Sum", "Challenge 1 Square Numbers and Return their Sum", "{F28ABB8A-33EC-4E0F-8AB4-CD03130E106B}"
EndProject
Project("{9A19103F-16F7-4668-BE54-9A1E7A4F7556}") = "SquareNumbersAndReturnTheirSum", "SquareNumbersAndReturnTheirSum\SquareNumbersAndReturnTheirSum.csproj", "{4EAE18D5-B7A9-43DD-A5EC-5B4222D4F97E}"
EndProject
Project("{2150E333-8FDC-42A3-9474-1A3956D46DE8}") = "Challenges", "Challenges", "{64A1F63B-24C8-41E5-AD2B-B7FF4A1ECBE9}"
EndProject
Project("{2150E333-8FDC-42A3-9474-1A3956D46DE8}") = "Challenge 2 Calling a Constructor from a Constructor", "Challenge 2 Calling a Constructor from a Constructor", "{57D94B2F-3497-416B-BDFE-F18EE7F2EE7F}"
EndProject
Project("{9A19103F-16F7-4668-BE54-9A1E7A4F7556}") = "CallingAConstructorFromAConstructor", "CallingAConstructorFromAConstructor\CallingAConstructorFromAConstructor.csproj", "{A96FB558-5DD5-485E-9347-04AA8DD9993F}"
EndProject
Project("{2150E333-8FDC-42A3-9474-1A3956D46DE8}") = "Challenge 3 Analyzing the Performance of Students", "Challenge 3 Analyzing the Performance of Students", "{56A54A46-48DC-4F3A-BFBA-6914ACCBE6DF}"
EndProject
Project("{FAE04EC0-301F-11D3-BF4B-00C04F79EFBC}") = "AnalyzingThePerformanceOfStudents", "AnalyzingThePerformanceOfStudents\AnalyzingThePerformanceOfStudents.csproj", "{46831665-C2E5-4E4E-A0AD-4EC0C20F330B}"
EndProject
Project("{2150E333-8FDC-42A3-9474-1A3956D46DE8}") = "Challenge 4 Implement a Calculator Class", "Challenge 4 Implement a Calculator Class", "{0E2D91EA-D57D-443E-9CFE-80D3D277393A}"
EndProject
Project("{FAE04EC0-301F-11D3-BF4B-00C04F79EFBC}") = "Calculator", "Calculator\Calculator.csproj", "{0953D411-D3A7-45E2-8953-927B54AAEE62}"
EndProject
Project("{2150E333-8FDC-42A3-9474-1A3956D46DE8}") = "Data hiding", "Data hiding", "{B9A1DF17-7EE8-464A-B06D-F82810C44954}"
EndProject
Project("{FAE04EC0-301F-11D3-BF4B-00C04F79EFBC}") = "Encapsulation", "Encapsulation\Encapsulation.csproj", "{D7581AAA-61E5-4A00-BBBD-A7CFB597FDDF}"
EndProject
Project("{2150E333-8FDC-42A3-9474-1A3956D46DE8}") = "Accessing the Class Members", "Accessing the Class Members", "{04FB55FE-3F37-47E0-A562-4649B4068ACC}"
EndProject
Project("{2150E333-8FDC-42A3-9474-1A3956D46DE8}") = "Challenges", "Challenges", "{FE813AF6-918F-4BA0-9E9D-9C878E64F1C0}"
EndProject
Project("{2150E333-8FDC-42A3-9474-1A3956D46DE8}") = "Challenge 1 Implement the Rectangle Class", "Challenge 1 Implement the Rectangle Class", "{30B83BF5-E2E8-4D85-AAB9-361A0FFD1D4F}"
EndProject
Project("{2150E333-8FDC-42A3-9474-1A3956D46DE8}") = "Encapsulation", "Encapsulation", "{4430120E-FA6B-4C8C-958D-45D74C033F7A}"
EndProject
Project("{FAE04EC0-301F-11D3-BF4B-00C04F79EFBC}") = "Rectangle", "Rectangle\Rectangle.csproj", "{50545302-5457-44F0-BFEB-E759F6B77522}"
EndProject
Project("{2150E333-8FDC-42A3-9474-1A3956D46DE8}") = "Challenge 2 Implement the Complete Student Class", "Challenge 2 Implement the Complete Student Class", "{DC404E18-4C31-45F8-9C6A-5263DC748300}"
EndProject
Project("{FAE04EC0-301F-11D3-BF4B-00C04F79EFBC}") = "Student", "Student\Student.csproj", "{D357F693-A1B3-4519-B263-DAD14A2D5EBE}"
EndProject
Project("{2150E333-8FDC-42A3-9474-1A3956D46DE8}") = "Inheritance", "Inheritance", "{DD46EB01-1B18-4F3B-8993-CFBF8C368658}"
	ProjectSection(SolutionItems) = preProject
		Terminologies.md = Terminologies.md
	EndProjectSection
EndProject
Project("{FAE04EC0-301F-11D3-BF4B-00C04F79EFBC}") = "Inheritance", "Inheritance\Inheritance.csproj", "{A2B9333F-28C7-448B-BD74-833860251C51}"
EndProject
Project("{2150E333-8FDC-42A3-9474-1A3956D46DE8}") = "Access Modifiers", "Access Modifiers", "{73E88399-D699-4CE4-BF3F-ECF61B067910}"
EndProject
Project("{FAE04EC0-301F-11D3-BF4B-00C04F79EFBC}") = "Protected", "Protected\Protected.csproj", "{C5817624-42B8-42BC-B702-2B93D902A416}"
EndProject
Project("{FAE04EC0-301F-11D3-BF4B-00C04F79EFBC}") = "Internal", "Internal\Internal.csproj", "{F3CE4E9E-9608-4428-A6FD-B902455DDDAB}"
EndProject
Project("{FAE04EC0-301F-11D3-BF4B-00C04F79EFBC}") = "ProtectedInternal", "ProtectedInternal\ProtectedInternal.csproj", "{2CBFF4A5-EACB-43A1-8F68-D8FF1115B5F9}"
EndProject
Project("{2150E333-8FDC-42A3-9474-1A3956D46DE8}") = "Protected Internal", "Protected Internal", "{DE13557D-402D-41E0-A88A-614EC1FE42DD}"
EndProject
Project("{2150E333-8FDC-42A3-9474-1A3956D46DE8}") = "Private Protected", "Private Protected", "{493D3A5C-35F3-45D3-A6EE-31896501F23B}"
EndProject
Project("{FAE04EC0-301F-11D3-BF4B-00C04F79EFBC}") = "PrivateProtected", "PrivateProtected\PrivateProtected.csproj", "{4F442EC3-B527-461B-92A0-5DD52A241DA9}"
EndProject
Project("{2150E333-8FDC-42A3-9474-1A3956D46DE8}") = "Base Keyword", "Base Keyword", "{95D8E035-ED3A-4875-952F-E39CFF12BEE0}"
EndProject
Project("{2150E333-8FDC-42A3-9474-1A3956D46DE8}") = "Accessing Base Class Fields", "Accessing Base Class Fields", "{2647375E-312D-4C1D-B139-2BBEB3F0D12D}"
EndProject
Project("{FAE04EC0-301F-11D3-BF4B-00C04F79EFBC}") = "AccessingBaseClassFields", "AccessingBaseClassFields\AccessingBaseClassFields.csproj", "{7482827B-B354-438F-8713-75D5F00D9558}"
EndProject
Project("{FAE04EC0-301F-11D3-BF4B-00C04F79EFBC}") = "CallingABaseClassMethod", "CallingABaseClassMethod\CallingABaseClassMethod.csproj", "{784F8496-E2D5-401A-B2BB-D69E0BB7D14E}"
EndProject
Project("{2150E333-8FDC-42A3-9474-1A3956D46DE8}") = "Calling a Base Class Method", "Calling a Base Class Method", "{B25F1B8F-A5D8-4254-BCC5-CE395DE36625}"
EndProject
Project("{2150E333-8FDC-42A3-9474-1A3956D46DE8}") = "Using with Constructors", "Using with Constructors", "{907F8DD9-9A3A-45F7-B94A-9C7233097367}"
EndProject
Project("{FAE04EC0-301F-11D3-BF4B-00C04F79EFBC}") = "UsingWithConstructors", "UsingWithConstructors\UsingWithConstructors.csproj", "{2E7CAF61-89D5-4BD9-B17F-7F0987D56B63}"
EndProject
Project("{2150E333-8FDC-42A3-9474-1A3956D46DE8}") = "Types of Inheritance", "Types of Inheritance", "{7C29298E-3D91-430A-B869-4DC9994EB24A}"
EndProject
Project("{2150E333-8FDC-42A3-9474-1A3956D46DE8}") = "Single Inheritance", "Single Inheritance", "{AA9CF567-5DF3-496B-9CF4-D4B52AEB9FA5}"
EndProject
Project("{FAE04EC0-301F-11D3-BF4B-00C04F79EFBC}") = "SingleInheritance", "SingleInheritance\SingleInheritance.csproj", "{B6EAC078-5C11-4293-B476-32520817C1E3}"
EndProject
Project("{2150E333-8FDC-42A3-9474-1A3956D46DE8}") = "Multi-level Inheritance", "Multi-level Inheritance", "{534A3839-760B-4F47-8DED-BCDCEDE2F2D6}"
EndProject
Project("{FAE04EC0-301F-11D3-BF4B-00C04F79EFBC}") = "MultiLevelInheritance", "MultiLevelInheritance\MultiLevelInheritance.csproj", "{6328F89E-E794-4B28-AF07-76A5D21A7BE6}"
EndProject
Project("{2150E333-8FDC-42A3-9474-1A3956D46DE8}") = "Hierarchical Inheritance", "Hierarchical Inheritance", "{A39D6BB2-F928-4F18-8F5D-42352A14210F}"
EndProject
Project("{FAE04EC0-301F-11D3-BF4B-00C04F79EFBC}") = "HierarchiaInheritance", "HierarchiaInheritance\HierarchiaInheritance.csproj", "{51F4DC14-BF1B-428B-A7F9-5AB845F4FE32}"
EndProject
Project("{2150E333-8FDC-42A3-9474-1A3956D46DE8}") = "Multiple Inheritance", "Multiple Inheritance", "{C8625686-EB90-43E6-BACD-418C2B8B90F8}"
EndProject
Project("{FAE04EC0-301F-11D3-BF4B-00C04F79EFBC}") = "MultipleInheritance", "MultipleInheritance\MultipleInheritance.csproj", "{0E864304-95DD-40A0-B587-32C187DA021C}"
EndProject
Project("{2150E333-8FDC-42A3-9474-1A3956D46DE8}") = "Hybrid Inheritance", "Hybrid Inheritance", "{0AE8EFED-0EE0-47B3-924C-ECD90E6071B4}"
EndProject
Project("{FAE04EC0-301F-11D3-BF4B-00C04F79EFBC}") = "HybridInheritance", "HybridInheritance\HybridInheritance.csproj", "{964B7CE2-7CC3-4367-99E9-DBAEB0FAF102}"
EndProject
Project("{2150E333-8FDC-42A3-9474-1A3956D46DE8}") = "Challenges", "Challenges", "{C480566C-3EDB-4C00-BEA8-7D39F4B4730E}"
EndProject
Project("{2150E333-8FDC-42A3-9474-1A3956D46DE8}") = "Challenge 1 Implement the Derived Class", "Challenge 1 Implement the Derived Class", "{18A41A95-9A91-40E9-AD7B-47B89715E305}"
EndProject
Project("{FAE04EC0-301F-11D3-BF4B-00C04F79EFBC}") = "ImplementTheDerivedClass", "ImplementTheDerivedClass\ImplementTheDerivedClass.csproj", "{48B65401-A8F7-499F-99C0-762F4A83B4AC}"
EndProject
Project("{2150E333-8FDC-42A3-9474-1A3956D46DE8}") = "Challenge 2 Implement the Parametrized Constructor", "Challenge 2 Implement the Parametrized Constructor", "{83306FEF-6747-40D9-B475-35ABCD486BCF}"
EndProject
Project("{FAE04EC0-301F-11D3-BF4B-00C04F79EFBC}") = "ImplementTheParameterizedConstructor", "ImplementTheParameterizedConstructor\ImplementTheParameterizedConstructor.csproj", "{112974FD-9856-49DB-8C6D-D2C969343AA5}"
EndProject
Global
	GlobalSection(SolutionConfigurationPlatforms) = preSolution
		Debug|Any CPU = Debug|Any CPU
		Release|Any CPU = Release|Any CPU
	EndGlobalSection
	GlobalSection(ProjectConfigurationPlatforms) = postSolution
		{762392DB-7CA4-4784-9919-AB68BDA3B031}.Debug|Any CPU.ActiveCfg = Debug|Any CPU
		{762392DB-7CA4-4784-9919-AB68BDA3B031}.Debug|Any CPU.Build.0 = Debug|Any CPU
		{762392DB-7CA4-4784-9919-AB68BDA3B031}.Release|Any CPU.ActiveCfg = Release|Any CPU
		{762392DB-7CA4-4784-9919-AB68BDA3B031}.Release|Any CPU.Build.0 = Release|Any CPU
		{5340109F-E5C3-4DD9-959E-29543D787D85}.Debug|Any CPU.ActiveCfg = Debug|Any CPU
		{5340109F-E5C3-4DD9-959E-29543D787D85}.Debug|Any CPU.Build.0 = Debug|Any CPU
		{5340109F-E5C3-4DD9-959E-29543D787D85}.Release|Any CPU.ActiveCfg = Release|Any CPU
		{5340109F-E5C3-4DD9-959E-29543D787D85}.Release|Any CPU.Build.0 = Release|Any CPU
		{88C512F7-CB55-4572-8BD9-977FA2B92105}.Debug|Any CPU.ActiveCfg = Debug|Any CPU
		{88C512F7-CB55-4572-8BD9-977FA2B92105}.Debug|Any CPU.Build.0 = Debug|Any CPU
		{88C512F7-CB55-4572-8BD9-977FA2B92105}.Release|Any CPU.ActiveCfg = Release|Any CPU
		{88C512F7-CB55-4572-8BD9-977FA2B92105}.Release|Any CPU.Build.0 = Release|Any CPU
		{C144D966-141F-4055-89FB-3152B307EE29}.Debug|Any CPU.ActiveCfg = Debug|Any CPU
		{C144D966-141F-4055-89FB-3152B307EE29}.Debug|Any CPU.Build.0 = Debug|Any CPU
		{C144D966-141F-4055-89FB-3152B307EE29}.Release|Any CPU.ActiveCfg = Release|Any CPU
		{C144D966-141F-4055-89FB-3152B307EE29}.Release|Any CPU.Build.0 = Release|Any CPU
		{57B92FD6-6D98-4CC6-99F8-36A663A5136F}.Debug|Any CPU.ActiveCfg = Debug|Any CPU
		{57B92FD6-6D98-4CC6-99F8-36A663A5136F}.Debug|Any CPU.Build.0 = Debug|Any CPU
		{57B92FD6-6D98-4CC6-99F8-36A663A5136F}.Release|Any CPU.ActiveCfg = Release|Any CPU
		{57B92FD6-6D98-4CC6-99F8-36A663A5136F}.Release|Any CPU.Build.0 = Release|Any CPU
		{24D52C61-138F-4EBE-964E-9255EF833D1C}.Debug|Any CPU.ActiveCfg = Debug|Any CPU
		{24D52C61-138F-4EBE-964E-9255EF833D1C}.Debug|Any CPU.Build.0 = Debug|Any CPU
		{24D52C61-138F-4EBE-964E-9255EF833D1C}.Release|Any CPU.ActiveCfg = Release|Any CPU
		{24D52C61-138F-4EBE-964E-9255EF833D1C}.Release|Any CPU.Build.0 = Release|Any CPU
		{36C3C5E4-BFE4-4F2E-BC9C-64E6730C3E74}.Debug|Any CPU.ActiveCfg = Debug|Any CPU
		{36C3C5E4-BFE4-4F2E-BC9C-64E6730C3E74}.Debug|Any CPU.Build.0 = Debug|Any CPU
		{36C3C5E4-BFE4-4F2E-BC9C-64E6730C3E74}.Release|Any CPU.ActiveCfg = Release|Any CPU
		{36C3C5E4-BFE4-4F2E-BC9C-64E6730C3E74}.Release|Any CPU.Build.0 = Release|Any CPU
		{E83C6512-026F-4AE2-8811-EAB3E0872E63}.Debug|Any CPU.ActiveCfg = Debug|Any CPU
		{E83C6512-026F-4AE2-8811-EAB3E0872E63}.Debug|Any CPU.Build.0 = Debug|Any CPU
		{E83C6512-026F-4AE2-8811-EAB3E0872E63}.Release|Any CPU.ActiveCfg = Release|Any CPU
		{E83C6512-026F-4AE2-8811-EAB3E0872E63}.Release|Any CPU.Build.0 = Release|Any CPU
		{E6FA8CF9-AD1C-4B1B-B0D3-D87466243C47}.Debug|Any CPU.ActiveCfg = Debug|Any CPU
		{E6FA8CF9-AD1C-4B1B-B0D3-D87466243C47}.Debug|Any CPU.Build.0 = Debug|Any CPU
		{E6FA8CF9-AD1C-4B1B-B0D3-D87466243C47}.Release|Any CPU.ActiveCfg = Release|Any CPU
		{E6FA8CF9-AD1C-4B1B-B0D3-D87466243C47}.Release|Any CPU.Build.0 = Release|Any CPU
		{4EAE18D5-B7A9-43DD-A5EC-5B4222D4F97E}.Debug|Any CPU.ActiveCfg = Debug|Any CPU
		{4EAE18D5-B7A9-43DD-A5EC-5B4222D4F97E}.Debug|Any CPU.Build.0 = Debug|Any CPU
		{4EAE18D5-B7A9-43DD-A5EC-5B4222D4F97E}.Release|Any CPU.ActiveCfg = Release|Any CPU
		{4EAE18D5-B7A9-43DD-A5EC-5B4222D4F97E}.Release|Any CPU.Build.0 = Release|Any CPU
		{A96FB558-5DD5-485E-9347-04AA8DD9993F}.Debug|Any CPU.ActiveCfg = Debug|Any CPU
		{A96FB558-5DD5-485E-9347-04AA8DD9993F}.Debug|Any CPU.Build.0 = Debug|Any CPU
		{A96FB558-5DD5-485E-9347-04AA8DD9993F}.Release|Any CPU.ActiveCfg = Release|Any CPU
		{A96FB558-5DD5-485E-9347-04AA8DD9993F}.Release|Any CPU.Build.0 = Release|Any CPU
		{46831665-C2E5-4E4E-A0AD-4EC0C20F330B}.Debug|Any CPU.ActiveCfg = Debug|Any CPU
		{46831665-C2E5-4E4E-A0AD-4EC0C20F330B}.Debug|Any CPU.Build.0 = Debug|Any CPU
		{46831665-C2E5-4E4E-A0AD-4EC0C20F330B}.Release|Any CPU.ActiveCfg = Release|Any CPU
		{46831665-C2E5-4E4E-A0AD-4EC0C20F330B}.Release|Any CPU.Build.0 = Release|Any CPU
		{0953D411-D3A7-45E2-8953-927B54AAEE62}.Debug|Any CPU.ActiveCfg = Debug|Any CPU
		{0953D411-D3A7-45E2-8953-927B54AAEE62}.Debug|Any CPU.Build.0 = Debug|Any CPU
		{0953D411-D3A7-45E2-8953-927B54AAEE62}.Release|Any CPU.ActiveCfg = Release|Any CPU
		{0953D411-D3A7-45E2-8953-927B54AAEE62}.Release|Any CPU.Build.0 = Release|Any CPU
		{D7581AAA-61E5-4A00-BBBD-A7CFB597FDDF}.Debug|Any CPU.ActiveCfg = Debug|Any CPU
		{D7581AAA-61E5-4A00-BBBD-A7CFB597FDDF}.Debug|Any CPU.Build.0 = Debug|Any CPU
		{D7581AAA-61E5-4A00-BBBD-A7CFB597FDDF}.Release|Any CPU.ActiveCfg = Release|Any CPU
		{D7581AAA-61E5-4A00-BBBD-A7CFB597FDDF}.Release|Any CPU.Build.0 = Release|Any CPU
		{50545302-5457-44F0-BFEB-E759F6B77522}.Debug|Any CPU.ActiveCfg = Debug|Any CPU
		{50545302-5457-44F0-BFEB-E759F6B77522}.Debug|Any CPU.Build.0 = Debug|Any CPU
		{50545302-5457-44F0-BFEB-E759F6B77522}.Release|Any CPU.ActiveCfg = Release|Any CPU
		{50545302-5457-44F0-BFEB-E759F6B77522}.Release|Any CPU.Build.0 = Release|Any CPU
		{D357F693-A1B3-4519-B263-DAD14A2D5EBE}.Debug|Any CPU.ActiveCfg = Debug|Any CPU
		{D357F693-A1B3-4519-B263-DAD14A2D5EBE}.Debug|Any CPU.Build.0 = Debug|Any CPU
		{D357F693-A1B3-4519-B263-DAD14A2D5EBE}.Release|Any CPU.ActiveCfg = Release|Any CPU
		{D357F693-A1B3-4519-B263-DAD14A2D5EBE}.Release|Any CPU.Build.0 = Release|Any CPU
		{A2B9333F-28C7-448B-BD74-833860251C51}.Debug|Any CPU.ActiveCfg = Debug|Any CPU
		{A2B9333F-28C7-448B-BD74-833860251C51}.Debug|Any CPU.Build.0 = Debug|Any CPU
		{A2B9333F-28C7-448B-BD74-833860251C51}.Release|Any CPU.ActiveCfg = Release|Any CPU
		{A2B9333F-28C7-448B-BD74-833860251C51}.Release|Any CPU.Build.0 = Release|Any CPU
		{C5817624-42B8-42BC-B702-2B93D902A416}.Debug|Any CPU.ActiveCfg = Debug|Any CPU
		{C5817624-42B8-42BC-B702-2B93D902A416}.Debug|Any CPU.Build.0 = Debug|Any CPU
		{C5817624-42B8-42BC-B702-2B93D902A416}.Release|Any CPU.ActiveCfg = Release|Any CPU
		{C5817624-42B8-42BC-B702-2B93D902A416}.Release|Any CPU.Build.0 = Release|Any CPU
		{F3CE4E9E-9608-4428-A6FD-B902455DDDAB}.Debug|Any CPU.ActiveCfg = Debug|Any CPU
		{F3CE4E9E-9608-4428-A6FD-B902455DDDAB}.Debug|Any CPU.Build.0 = Debug|Any CPU
		{F3CE4E9E-9608-4428-A6FD-B902455DDDAB}.Release|Any CPU.ActiveCfg = Release|Any CPU
		{F3CE4E9E-9608-4428-A6FD-B902455DDDAB}.Release|Any CPU.Build.0 = Release|Any CPU
		{2CBFF4A5-EACB-43A1-8F68-D8FF1115B5F9}.Debug|Any CPU.ActiveCfg = Debug|Any CPU
		{2CBFF4A5-EACB-43A1-8F68-D8FF1115B5F9}.Debug|Any CPU.Build.0 = Debug|Any CPU
		{2CBFF4A5-EACB-43A1-8F68-D8FF1115B5F9}.Release|Any CPU.ActiveCfg = Release|Any CPU
		{2CBFF4A5-EACB-43A1-8F68-D8FF1115B5F9}.Release|Any CPU.Build.0 = Release|Any CPU
		{4F442EC3-B527-461B-92A0-5DD52A241DA9}.Debug|Any CPU.ActiveCfg = Debug|Any CPU
		{4F442EC3-B527-461B-92A0-5DD52A241DA9}.Debug|Any CPU.Build.0 = Debug|Any CPU
		{4F442EC3-B527-461B-92A0-5DD52A241DA9}.Release|Any CPU.ActiveCfg = Release|Any CPU
		{4F442EC3-B527-461B-92A0-5DD52A241DA9}.Release|Any CPU.Build.0 = Release|Any CPU
		{7482827B-B354-438F-8713-75D5F00D9558}.Debug|Any CPU.ActiveCfg = Debug|Any CPU
		{7482827B-B354-438F-8713-75D5F00D9558}.Debug|Any CPU.Build.0 = Debug|Any CPU
		{7482827B-B354-438F-8713-75D5F00D9558}.Release|Any CPU.ActiveCfg = Release|Any CPU
		{7482827B-B354-438F-8713-75D5F00D9558}.Release|Any CPU.Build.0 = Release|Any CPU
		{784F8496-E2D5-401A-B2BB-D69E0BB7D14E}.Debug|Any CPU.ActiveCfg = Debug|Any CPU
		{784F8496-E2D5-401A-B2BB-D69E0BB7D14E}.Debug|Any CPU.Build.0 = Debug|Any CPU
		{784F8496-E2D5-401A-B2BB-D69E0BB7D14E}.Release|Any CPU.ActiveCfg = Release|Any CPU
		{784F8496-E2D5-401A-B2BB-D69E0BB7D14E}.Release|Any CPU.Build.0 = Release|Any CPU
		{2E7CAF61-89D5-4BD9-B17F-7F0987D56B63}.Debug|Any CPU.ActiveCfg = Debug|Any CPU
		{2E7CAF61-89D5-4BD9-B17F-7F0987D56B63}.Debug|Any CPU.Build.0 = Debug|Any CPU
		{2E7CAF61-89D5-4BD9-B17F-7F0987D56B63}.Release|Any CPU.ActiveCfg = Release|Any CPU
		{2E7CAF61-89D5-4BD9-B17F-7F0987D56B63}.Release|Any CPU.Build.0 = Release|Any CPU
		{B6EAC078-5C11-4293-B476-32520817C1E3}.Debug|Any CPU.ActiveCfg = Debug|Any CPU
		{B6EAC078-5C11-4293-B476-32520817C1E3}.Debug|Any CPU.Build.0 = Debug|Any CPU
		{B6EAC078-5C11-4293-B476-32520817C1E3}.Release|Any CPU.ActiveCfg = Release|Any CPU
		{B6EAC078-5C11-4293-B476-32520817C1E3}.Release|Any CPU.Build.0 = Release|Any CPU
		{6328F89E-E794-4B28-AF07-76A5D21A7BE6}.Debug|Any CPU.ActiveCfg = Debug|Any CPU
		{6328F89E-E794-4B28-AF07-76A5D21A7BE6}.Debug|Any CPU.Build.0 = Debug|Any CPU
		{6328F89E-E794-4B28-AF07-76A5D21A7BE6}.Release|Any CPU.ActiveCfg = Release|Any CPU
		{6328F89E-E794-4B28-AF07-76A5D21A7BE6}.Release|Any CPU.Build.0 = Release|Any CPU
		{51F4DC14-BF1B-428B-A7F9-5AB845F4FE32}.Debug|Any CPU.ActiveCfg = Debug|Any CPU
		{51F4DC14-BF1B-428B-A7F9-5AB845F4FE32}.Debug|Any CPU.Build.0 = Debug|Any CPU
		{51F4DC14-BF1B-428B-A7F9-5AB845F4FE32}.Release|Any CPU.ActiveCfg = Release|Any CPU
		{51F4DC14-BF1B-428B-A7F9-5AB845F4FE32}.Release|Any CPU.Build.0 = Release|Any CPU
		{0E864304-95DD-40A0-B587-32C187DA021C}.Debug|Any CPU.ActiveCfg = Debug|Any CPU
		{0E864304-95DD-40A0-B587-32C187DA021C}.Debug|Any CPU.Build.0 = Debug|Any CPU
		{0E864304-95DD-40A0-B587-32C187DA021C}.Release|Any CPU.ActiveCfg = Release|Any CPU
		{0E864304-95DD-40A0-B587-32C187DA021C}.Release|Any CPU.Build.0 = Release|Any CPU
		{964B7CE2-7CC3-4367-99E9-DBAEB0FAF102}.Debug|Any CPU.ActiveCfg = Debug|Any CPU
		{964B7CE2-7CC3-4367-99E9-DBAEB0FAF102}.Debug|Any CPU.Build.0 = Debug|Any CPU
		{964B7CE2-7CC3-4367-99E9-DBAEB0FAF102}.Release|Any CPU.ActiveCfg = Release|Any CPU
		{964B7CE2-7CC3-4367-99E9-DBAEB0FAF102}.Release|Any CPU.Build.0 = Release|Any CPU
		{48B65401-A8F7-499F-99C0-762F4A83B4AC}.Debug|Any CPU.ActiveCfg = Debug|Any CPU
		{48B65401-A8F7-499F-99C0-762F4A83B4AC}.Debug|Any CPU.Build.0 = Debug|Any CPU
		{48B65401-A8F7-499F-99C0-762F4A83B4AC}.Release|Any CPU.ActiveCfg = Release|Any CPU
		{48B65401-A8F7-499F-99C0-762F4A83B4AC}.Release|Any CPU.Build.0 = Release|Any CPU
		{112974FD-9856-49DB-8C6D-D2C969343AA5}.Debug|Any CPU.ActiveCfg = Debug|Any CPU
		{112974FD-9856-49DB-8C6D-D2C969343AA5}.Debug|Any CPU.Build.0 = Debug|Any CPU
		{112974FD-9856-49DB-8C6D-D2C969343AA5}.Release|Any CPU.ActiveCfg = Release|Any CPU
		{112974FD-9856-49DB-8C6D-D2C969343AA5}.Release|Any CPU.Build.0 = Release|Any CPU
	EndGlobalSection
	GlobalSection(SolutionProperties) = preSolution
		HideSolutionNode = FALSE
	EndGlobalSection
	GlobalSection(NestedProjects) = preSolution
		{762392DB-7CA4-4784-9919-AB68BDA3B031} = {04FB55FE-3F37-47E0-A562-4649B4068ACC}
		{82476F26-3330-4766-88AC-B946ED442DA0} = {AEAFEA5B-B26D-4728-9229-5E9ECF6EE655}
		{5340109F-E5C3-4DD9-959E-29543D787D85} = {82476F26-3330-4766-88AC-B946ED442DA0}
		{ADF8E5EB-563F-4DB5-A22C-5ED9074282D2} = {AEAFEA5B-B26D-4728-9229-5E9ECF6EE655}
		{88C512F7-CB55-4572-8BD9-977FA2B92105} = {ADF8E5EB-563F-4DB5-A22C-5ED9074282D2}
		{4CC23E13-9DCC-49FC-9624-3B416D1AF227} = {AEAFEA5B-B26D-4728-9229-5E9ECF6EE655}
		{C144D966-141F-4055-89FB-3152B307EE29} = {4CC23E13-9DCC-49FC-9624-3B416D1AF227}
		{BC4EFDF5-1D95-4BF3-B9B6-7A05F5787A27} = {AEAFEA5B-B26D-4728-9229-5E9ECF6EE655}
		{57B92FD6-6D98-4CC6-99F8-36A663A5136F} = {BC4EFDF5-1D95-4BF3-B9B6-7A05F5787A27}
		{E50D9F93-D08C-4253-B4AD-0B7705757A6F} = {AEAFEA5B-B26D-4728-9229-5E9ECF6EE655}
		{24D52C61-138F-4EBE-964E-9255EF833D1C} = {E50D9F93-D08C-4253-B4AD-0B7705757A6F}
		{96863E8A-6C9C-4109-9683-2A344D1C0DF0} = {AEAFEA5B-B26D-4728-9229-5E9ECF6EE655}
		{36C3C5E4-BFE4-4F2E-BC9C-64E6730C3E74} = {96863E8A-6C9C-4109-9683-2A344D1C0DF0}
		{4EC6B516-B911-4F82-91E6-A3F50D0CC84C} = {AEAFEA5B-B26D-4728-9229-5E9ECF6EE655}
		{E83C6512-026F-4AE2-8811-EAB3E0872E63} = {4EC6B516-B911-4F82-91E6-A3F50D0CC84C}
		{84C1495A-E0AA-484D-BE75-0F98A02684DB} = {AEAFEA5B-B26D-4728-9229-5E9ECF6EE655}
		{E6FA8CF9-AD1C-4B1B-B0D3-D87466243C47} = {84C1495A-E0AA-484D-BE75-0F98A02684DB}
		{F28ABB8A-33EC-4E0F-8AB4-CD03130E106B} = {64A1F63B-24C8-41E5-AD2B-B7FF4A1ECBE9}
		{4EAE18D5-B7A9-43DD-A5EC-5B4222D4F97E} = {F28ABB8A-33EC-4E0F-8AB4-CD03130E106B}
		{64A1F63B-24C8-41E5-AD2B-B7FF4A1ECBE9} = {AEAFEA5B-B26D-4728-9229-5E9ECF6EE655}
		{57D94B2F-3497-416B-BDFE-F18EE7F2EE7F} = {64A1F63B-24C8-41E5-AD2B-B7FF4A1ECBE9}
		{A96FB558-5DD5-485E-9347-04AA8DD9993F} = {57D94B2F-3497-416B-BDFE-F18EE7F2EE7F}
		{56A54A46-48DC-4F3A-BFBA-6914ACCBE6DF} = {64A1F63B-24C8-41E5-AD2B-B7FF4A1ECBE9}
		{46831665-C2E5-4E4E-A0AD-4EC0C20F330B} = {56A54A46-48DC-4F3A-BFBA-6914ACCBE6DF}
		{0E2D91EA-D57D-443E-9CFE-80D3D277393A} = {64A1F63B-24C8-41E5-AD2B-B7FF4A1ECBE9}
		{0953D411-D3A7-45E2-8953-927B54AAEE62} = {0E2D91EA-D57D-443E-9CFE-80D3D277393A}
		{D7581AAA-61E5-4A00-BBBD-A7CFB597FDDF} = {4430120E-FA6B-4C8C-958D-45D74C033F7A}
		{04FB55FE-3F37-47E0-A562-4649B4068ACC} = {AEAFEA5B-B26D-4728-9229-5E9ECF6EE655}
		{FE813AF6-918F-4BA0-9E9D-9C878E64F1C0} = {B9A1DF17-7EE8-464A-B06D-F82810C44954}
		{30B83BF5-E2E8-4D85-AAB9-361A0FFD1D4F} = {FE813AF6-918F-4BA0-9E9D-9C878E64F1C0}
		{4430120E-FA6B-4C8C-958D-45D74C033F7A} = {B9A1DF17-7EE8-464A-B06D-F82810C44954}
		{50545302-5457-44F0-BFEB-E759F6B77522} = {30B83BF5-E2E8-4D85-AAB9-361A0FFD1D4F}
		{DC404E18-4C31-45F8-9C6A-5263DC748300} = {FE813AF6-918F-4BA0-9E9D-9C878E64F1C0}
		{D357F693-A1B3-4519-B263-DAD14A2D5EBE} = {DC404E18-4C31-45F8-9C6A-5263DC748300}
		{A2B9333F-28C7-448B-BD74-833860251C51} = {DD46EB01-1B18-4F3B-8993-CFBF8C368658}
		{73E88399-D699-4CE4-BF3F-ECF61B067910} = {DD46EB01-1B18-4F3B-8993-CFBF8C368658}
		{C5817624-42B8-42BC-B702-2B93D902A416} = {73E88399-D699-4CE4-BF3F-ECF61B067910}
		{F3CE4E9E-9608-4428-A6FD-B902455DDDAB} = {73E88399-D699-4CE4-BF3F-ECF61B067910}
		{2CBFF4A5-EACB-43A1-8F68-D8FF1115B5F9} = {DE13557D-402D-41E0-A88A-614EC1FE42DD}
		{DE13557D-402D-41E0-A88A-614EC1FE42DD} = {73E88399-D699-4CE4-BF3F-ECF61B067910}
		{493D3A5C-35F3-45D3-A6EE-31896501F23B} = {73E88399-D699-4CE4-BF3F-ECF61B067910}
		{4F442EC3-B527-461B-92A0-5DD52A241DA9} = {493D3A5C-35F3-45D3-A6EE-31896501F23B}
		{95D8E035-ED3A-4875-952F-E39CFF12BEE0} = {DD46EB01-1B18-4F3B-8993-CFBF8C368658}
		{2647375E-312D-4C1D-B139-2BBEB3F0D12D} = {95D8E035-ED3A-4875-952F-E39CFF12BEE0}
		{7482827B-B354-438F-8713-75D5F00D9558} = {2647375E-312D-4C1D-B139-2BBEB3F0D12D}
		{784F8496-E2D5-401A-B2BB-D69E0BB7D14E} = {B25F1B8F-A5D8-4254-BCC5-CE395DE36625}
		{B25F1B8F-A5D8-4254-BCC5-CE395DE36625} = {95D8E035-ED3A-4875-952F-E39CFF12BEE0}
		{907F8DD9-9A3A-45F7-B94A-9C7233097367} = {95D8E035-ED3A-4875-952F-E39CFF12BEE0}
		{2E7CAF61-89D5-4BD9-B17F-7F0987D56B63} = {907F8DD9-9A3A-45F7-B94A-9C7233097367}
		{7C29298E-3D91-430A-B869-4DC9994EB24A} = {DD46EB01-1B18-4F3B-8993-CFBF8C368658}
		{AA9CF567-5DF3-496B-9CF4-D4B52AEB9FA5} = {7C29298E-3D91-430A-B869-4DC9994EB24A}
		{B6EAC078-5C11-4293-B476-32520817C1E3} = {AA9CF567-5DF3-496B-9CF4-D4B52AEB9FA5}
		{534A3839-760B-4F47-8DED-BCDCEDE2F2D6} = {7C29298E-3D91-430A-B869-4DC9994EB24A}
		{6328F89E-E794-4B28-AF07-76A5D21A7BE6} = {534A3839-760B-4F47-8DED-BCDCEDE2F2D6}
		{A39D6BB2-F928-4F18-8F5D-42352A14210F} = {7C29298E-3D91-430A-B869-4DC9994EB24A}
		{51F4DC14-BF1B-428B-A7F9-5AB845F4FE32} = {A39D6BB2-F928-4F18-8F5D-42352A14210F}
		{C8625686-EB90-43E6-BACD-418C2B8B90F8} = {7C29298E-3D91-430A-B869-4DC9994EB24A}
		{0E864304-95DD-40A0-B587-32C187DA021C} = {C8625686-EB90-43E6-BACD-418C2B8B90F8}
		{0AE8EFED-0EE0-47B3-924C-ECD90E6071B4} = {7C29298E-3D91-430A-B869-4DC9994EB24A}
		{964B7CE2-7CC3-4367-99E9-DBAEB0FAF102} = {0AE8EFED-0EE0-47B3-924C-ECD90E6071B4}
		{C480566C-3EDB-4C00-BEA8-7D39F4B4730E} = {DD46EB01-1B18-4F3B-8993-CFBF8C368658}
		{18A41A95-9A91-40E9-AD7B-47B89715E305} = {C480566C-3EDB-4C00-BEA8-7D39F4B4730E}
		{48B65401-A8F7-499F-99C0-762F4A83B4AC} = {18A41A95-9A91-40E9-AD7B-47B89715E305}
		{83306FEF-6747-40D9-B475-35ABCD486BCF} = {C480566C-3EDB-4C00-BEA8-7D39F4B4730E}
		{112974FD-9856-49DB-8C6D-D2C969343AA5} = {83306FEF-6747-40D9-B475-35ABCD486BCF}
	EndGlobalSection
	GlobalSection(ExtensibilityGlobals) = postSolution
		SolutionGuid = {C38620BA-DB0B-47DC-85DD-BF2BE4217978}
	EndGlobalSection
EndGlobal
